{"filter":false,"title":"Gemfile.lock","tooltip":"/rails_projects/qanda/Gemfile.lock","undoManager":{"mark":-1,"position":-1,"stack":[]},"ace":{"folds":[],"scrolltop":174,"scrollleft":0,"selection":{"start":{"row":0,"column":0},"end":{"row":0,"column":0},"isBackwards":false},"options":{"guessTabSize":true,"useWrapMode":false,"wrapToView":true},"firstLineState":0},"timestamp":1552051901864,"hash":"d128700e26667739433291d919e54b968154b496"}